
Microsoft Visual Studio Solution File, Format Version 12.00
# Visual Studio Version 16
VisualStudioVersion = 16.0.31205.134
MinimumVisualStudioVersion = 10.0.40219.1
Project("{FAE04EC0-301F-11D3-BF4B-00C04F79EFBC}") = "ClassMetotDemo", "ClassMetotDemo\ClassMetotDemo.csproj", "{A71F2181-018F-4B07-A48B-96AE5FDB571D}"
EndProject
Global
	GlobalSection(SolutionConfigurationPlatforms) = preSolution
		Debug|Any CPU = Debug|Any CPU
		Release|Any CPU = Release|Any CPU
	EndGlobalSection
	GlobalSection(ProjectConfigurationPlatforms) = postSolution
		{A71F2181-018F-4B07-A48B-96AE5FDB571D}.Debug|Any CPU.ActiveCfg = Debug|Any CPU
		{A71F2181-018F-4B07-A48B-96AE5FDB571D}.Debug|Any CPU.Build.0 = Debug|Any CPU
		{A71F2181-018F-4B07-A48B-96AE5FDB571D}.Release|Any CPU.ActiveCfg = Release|Any CPU
		{A71F2181-018F-4B07-A48B-96AE5FDB571D}.Release|Any CPU.Build.0 = Release|Any CPU
	EndGlobalSection
	GlobalSection(SolutionProperties) = preSolution
		HideSolutionNode = FALSE
	EndGlobalSection
	GlobalSection(ExtensibilityGlobals) = postSolution
		SolutionGuid = {BCD3D581-B3D0-459D-B4CF-5C3A9243B366}
	EndGlobalSection
EndGlobal
